schema: '2.0'
stages:
  make_dataset:
    cmd: python .\src\data\make_dataset.py .\data\raw\creditcard.csv
    deps:
    - path: .\data\raw\creditcard.csv
      hash: md5
      md5: 61b475b2696ec29b4f9acac60c29ecae
      size: 102634230
    - path: .\src\data\make_dataset.py
      hash: md5
      md5: 5d87ea0853101b748b17af0be510c2ac
      size: 1314
    params:
      params.yaml:
        make_dataset.seed: 2023
        make_dataset.test_split: 0.2
    outs:
    - path: .\data\processed\
      hash: md5
      md5: 299f94739fdbe9c803f4d5162a48387d.dir
      size: 103630255
      nfiles: 2
  train_model:
    cmd: python .\src\models\train_model.py .\data\processed\
    deps:
    - path: .\data\processed\
      hash: md5
      md5: 299f94739fdbe9c803f4d5162a48387d.dir
      size: 103630255
      nfiles: 2
    - path: .\src\models\train_model.py
      hash: md5
      md5: 5af92edffd22804f29af18c1efe94bbb
      size: 1362
    outs:
    - path: .\models\
      hash: md5
      md5: 5ec2d5bc2c9c3c5f4a13a3feadb06198.dir
      size: 399609
      nfiles: 1
  visualize:
    cmd: python .\src\visualization\visualize.py .\models\model.joblib .\data\processed\
    deps:
    - path: .\data\processed\
      hash: md5
      md5: 299f94739fdbe9c803f4d5162a48387d.dir
      size: 103630255
      nfiles: 2
    - path: .\models\model.joblib
      hash: md5
      md5: e543edd128da428d8eab5bbe5377072f
      size: 399609
    - path: .\src\visualization\visualize.py
      hash: md5
      md5: a91ca79bfaea995c333fa50841f86fde
      size: 3683
    outs:
    - path: dvclive
      hash: md5
      md5: 5141dcc71cf1097da4b1b730fd527f1a.dir
      size: 20018970
      nfiles: 8
